// !$*UTF8*$!
{
	archiveVersion = 1;
	classes = {
	};
	objectVersion = 56;
	objects = {

/* Begin PBXBuildFile section */
		D307B1C62B6E3DD900E69F4F /* H4CK3RappApp.swift in Sources */ = {isa = PBXBuildFile; fileRef = D307B1C52B6E3DD900E69F4F /* H4CK3RappApp.swift */; };
		D307B1C82B6E3DD900E69F4F /* ContentView.swift in Sources */ = {isa = PBXBuildFile; fileRef = D307B1C72B6E3DD900E69F4F /* ContentView.swift */; };
		D307B1CA2B6E3DDB00E69F4F /* Assets.xcassets in Resources */ = {isa = PBXBuildFile; fileRef = D307B1C92B6E3DDB00E69F4F /* Assets.xcassets */; };
		D307B1CD2B6E3DDB00E69F4F /* Preview Assets.xcassets in Resources */ = {isa = PBXBuildFile; fileRef = D307B1CC2B6E3DDB00E69F4F /* Preview Assets.xcassets */; };
		D31C14D02B6E794E00445732 /* NetworkManager.swift in Sources */ = {isa = PBXBuildFile; fileRef = D31C14CF2B6E794E00445732 /* NetworkManager.swift */; };
		D31C14D22B6E795F00445732 /* PostData.swift in Sources */ = {isa = PBXBuildFile; fileRef = D31C14D12B6E795F00445732 /* PostData.swift */; };
		D31C14D52B6EAB8F00445732 /* DetailView.swift in Sources */ = {isa = PBXBuildFile; fileRef = D31C14D42B6EAB8F00445732 /* DetailView.swift */; };
		D31C14D72B6ED7F400445732 /* WebView.swift in Sources */ = {isa = PBXBuildFile; fileRef = D31C14D62B6ED7F400445732 /* WebView.swift */; };
/* End PBXBuildFile section */

/* Begin PBXFileReference section */
		D307B1C22B6E3DD900E69F4F /* H4CK3Rapp.app */ = {isa = PBXFileReference; explicitFileType = wrapper.application; includeInIndex = 0; path = H4CK3Rapp.app; sourceTree = BUILT_PRODUCTS_DIR; };
		D307B1C52B6E3DD900E69F4F /* H4CK3RappApp.swift */ = {isa = PBXFileReference; lastKnownFileType = sourcecode.swift; path = H4CK3RappApp.swift; sourceTree = "<group>"; };
		D307B1C72B6E3DD900E69F4F /* ContentView.swift */ = {isa = PBXFileReference; lastKnownFileType = sourcecode.swift; path = ContentView.swift; sourceTree = "<group>"; };
		D307B1C92B6E3DDB00E69F4F /* Assets.xcassets */ = {isa = PBXFileReference; lastKnownFileType = folder.assetcatalog; path = Assets.xcassets; sourceTree = "<group>"; };
		D307B1CC2B6E3DDB00E69F4F /* Preview Assets.xcassets */ = {isa = PBXFileReference; lastKnownFileType = folder.assetcatalog; path = "Preview Assets.xcassets"; sourceTree = "<group>"; };
		D31C14CF2B6E794E00445732 /* NetworkManager.swift */ = {isa = PBXFileReference; lastKnownFileType = sourcecode.swift; path = NetworkManager.swift; sourceTree = "<group>"; };
		D31C14D12B6E795F00445732 /* PostData.swift */ = {isa = PBXFileReference; lastKnownFileType = sourcecode.swift; path = PostData.swift; sourceTree = "<group>"; };
		D31C14D42B6EAB8F00445732 /* DetailView.swift */ = {isa = PBXFileReference; lastKnownFileType = sourcecode.swift; path = DetailView.swift; sourceTree = "<group>"; };
		D31C14D62B6ED7F400445732 /* WebView.swift */ = {isa = PBXFileReference; lastKnownFileType = sourcecode.swift; path = WebView.swift; sourceTree = "<group>"; };
/* End PBXFileReference section */

/* Begin PBXFrameworksBuildPhase section */
		D307B1BF2B6E3DD900E69F4F /* Frameworks */ = {
			isa = PBXFrameworksBuildPhase;
			buildActionMask = 2147483647;
			files = (
			);
			runOnlyForDeploymentPostprocessing = 0;
		};
/* End PBXFrameworksBuildPhase section */

/* Begin PBXGroup section */
		D307B1B92B6E3DD900E69F4F = {
			isa = PBXGroup;
			children = (
				D307B1C42B6E3DD900E69F4F /* H4CK3Rapp */,
				D307B1C32B6E3DD900E69F4F /* Products */,
			);
			sourceTree = "<group>";
		};
		D307B1C32B6E3DD900E69F4F /* Products */ = {
			isa = PBXGroup;
			children = (
				D307B1C22B6E3DD900E69F4F /* H4CK3Rapp.app */,
			);
			name = Products;
			sourceTree = "<group>";
		};
		D307B1C42B6E3DD900E69F4F /* H4CK3Rapp */ = {
			isa = PBXGroup;
			children = (
				D307B1C52B6E3DD900E69F4F /* H4CK3RappApp.swift */,
				D31C14D32B6EAB7000445732 /* View */,
				D31C14CE2B6E792700445732 /* Model */,
				D307B1C92B6E3DDB00E69F4F /* Assets.xcassets */,
				D307B1CB2B6E3DDB00E69F4F /* Preview Content */,
			);
			path = H4CK3Rapp;
			sourceTree = "<group>";
		};
		D307B1CB2B6E3DDB00E69F4F /* Preview Content */ = {
			isa = PBXGroup;
			children = (
				D307B1CC2B6E3DDB00E69F4F /* Preview Assets.xcassets */,
			);
			path = "Preview Content";
			sourceTree = "<group>";
		};
		D31C14CE2B6E792700445732 /* Model */ = {
			isa = PBXGroup;
			children = (
				D31C14CF2B6E794E00445732 /* NetworkManager.swift */,
				D31C14D12B6E795F00445732 /* PostData.swift */,
			);
			path = Model;
			sourceTree = "<group>";
		};
		D31C14D32B6EAB7000445732 /* View */ = {
			isa = PBXGroup;
			children = (
				D307B1C72B6E3DD900E69F4F /* ContentView.swift */,
				D31C14D42B6EAB8F00445732 /* DetailView.swift */,
				D31C14D62B6ED7F400445732 /* WebView.swift */,
			);
			path = View;
			sourceTree = "<group>";
		};
/* End PBXGroup section */

/* Begin PBXNativeTarget section */
		D307B1C12B6E3DD900E69F4F /* H4CK3Rapp */ = {
			isa = PBXNativeTarget;
			buildConfigurationList = D307B1D02B6E3DDB00E69F4F /* Build configuration list for PBXNativeTarget "H4CK3Rapp" */;
			buildPhases = (
				D307B1BE2B6E3DD900E69F4F /* Sources */,
				D307B1BF2B6E3DD900E69F4F /* Frameworks */,
				D307B1C02B6E3DD900E69F4F /* Resources */,
			);
			buildRules = (
			);
			dependencies = (
			);
			name = H4CK3Rapp;
			productName = H4CK3Rapp;
			productReference = D307B1C22B6E3DD900E69F4F /* H4CK3Rapp.app */;
			productType = "com.apple.product-type.application";
		};
/* End PBXNativeTarget section */

/* Begin PBXProject section */
		D307B1BA2B6E3DD900E69F4F /* Project object */ = {
			isa = PBXProject;
			attributes = {
				BuildIndependentTargetsInParallel = 1;
				LastSwiftUpdateCheck = 1500;
				LastUpgradeCheck = 1500;
				TargetAttributes = {
					D307B1C12B6E3DD900E69F4F = {
						CreatedOnToolsVersion = 15.0.1;
					};
				};
			};
			buildConfigurationList = D307B1BD2B6E3DD900E69F4F /* Build configuration list for PBXProject "H4CK3Rapp" */;
			compatibilityVersion = "Xcode 14.0";
			developmentRegion = en;
			hasScannedForEncodings = 0;
			knownRegions = (
				en,
				Base,
			);
			mainGroup = D307B1B92B6E3DD900E69F4F;
			productRefGroup = D307B1C32B6E3DD900E69F4F /* Products */;
			projectDirPath = "";
			projectRoot = "";
			targets = (
				D307B1C12B6E3DD900E69F4F /* H4CK3Rapp */,
			);
		};
/* End PBXProject section */

/* Begin PBXResourcesBuildPhase section */
		D307B1C02B6E3DD900E69F4F /* Resources */ = {
			isa = PBXResourcesBuildPhase;
			buildActionMask = 2147483647;
			files = (
				D307B1CD2B6E3DDB00E69F4F /* Preview Assets.xcassets in Resources */,
				D307B1CA2B6E3DDB00E69F4F /* Assets.xcassets in Resources */,
			);
			runOnlyForDeploymentPostprocessing = 0;
		};
/* End PBXResourcesBuildPhase section */

/* Begin PBXSourcesBuildPhase section */
		D307B1BE2B6E3DD900E69F4F /* Sources */ = {
			isa = PBXSourcesBuildPhase;
			buildActionMask = 2147483647;
			files = (
				D31C14D02B6E794E00445732 /* NetworkManager.swift in Sources */,
				D31C14D22B6E795F00445732 /* PostData.swift in Sources */,
				D307B1C82B6E3DD900E69F4F /* ContentView.swift in Sources */,
				D31C14D72B6ED7F400445732 /* WebView.swift in Sources */,
				D31C14D52B6EAB8F00445732 /* DetailView.swift in Sources */,
				D307B1C62B6E3DD900E69F4F /* H4CK3RappApp.swift in Sources */,
			);
			runOnlyForDeploymentPostprocessing = 0;
		};
/* End PBXSourcesBuildPhase section */

/* Begin XCBuildConfiguration section */
		D307B1CE2B6E3DDB00E69F4F /* Debug */ = {
			isa = XCBuildConfiguration;
			buildSettings = {
				ALWAYS_SEARCH_USER_PATHS = NO;
				ASSETCATALOG_COMPILER_GENERATE_SWIFT_ASSET_SYMBOL_EXTENSIONS = YES;
				CLANG_ANALYZER_NONNULL = YES;
				CLANG_ANALYZER_NUMBER_OBJECT_CONVERSION = YES_AGGRESSIVE;
				CLANG_CXX_LANGUAGE_STANDARD = "gnu++20";
				CLANG_ENABLE_MODULES = YES;
				CLANG_ENABLE_OBJC_ARC = YES;
				CLANG_ENABLE_OBJC_WEAK = YES;
				CLANG_WARN_BLOCK_CAPTURE_AUTORELEASING = YES;
				CLANG_WARN_BOOL_CONVERSION = YES;
				CLANG_WARN_COMMA = YES;
				CLANG_WARN_CONSTANT_CONVERSION = YES;
				CLANG_WARN_DEPRECATED_OBJC_IMPLEMENTATIONS = YES;
				CLANG_WARN_DIRECT_OBJC_ISA_USAGE = YES_ERROR;
				CLANG_WARN_DOCUMENTATION_COMMENTS = YES;
				CLANG_WARN_EMPTY_BODY = YES;
				CLANG_WARN_ENUM_CONVERSION = YES;
				CLANG_WARN_INFINITE_RECURSION = YES;
				CLANG_WARN_INT_CONVERSION = YES;
				CLANG_WARN_NON_LITERAL_NULL_CONVERSION = YES;
				CLANG_WARN_OBJC_IMPLICIT_RETAIN_SELF = YES;
				CLANG_WARN_OBJC_LITERAL_CONVERSION = YES;
				CLANG_WARN_OBJC_ROOT_CLASS = YES_ERROR;
				CLANG_WARN_QUOTED_INCLUDE_IN_FRAMEWORK_HEADER = YES;
				CLANG_WARN_RANGE_LOOP_ANALYSIS = YES;
				CLANG_WARN_STRICT_PROTOTYPES = YES;
				CLANG_WARN_SUSPICIOUS_MOVE = YES;
				CLANG_WARN_UNGUARDED_AVAILABILITY = YES_AGGRESSIVE;
				CLANG_WARN_UNREACHABLE_CODE = YES;
				CLANG_WARN__DUPLICATE_METHOD_MATCH = YES;
				COPY_PHASE_STRIP = NO;
				DEBUG_INFORMATION_FORMAT = dwarf;
				ENABLE_STRICT_OBJC_MSGSEND = YES;
				ENABLE_TESTABILITY = YES;
				ENABLE_USER_SCRIPT_SANDBOXING = YES;
				GCC_C_LANGUAGE_STANDARD = gnu17;
				GCC_DYNAMIC_NO_PIC = NO;
				GCC_NO_COMMON_BLOCKS = YES;
				GCC_OPTIMIZATION_LEVEL = 0;
				GCC_PREPROCESSOR_DEFINITIONS = (
					"DEBUG=1",
					"$(inherited)",
				);
				GCC_WARN_64_TO_32_BIT_CONVERSION = YES;
				GCC_WARN_ABOUT_RETURN_TYPE = YES_ERROR;
				GCC_WARN_UNDECLARED_SELECTOR = YES;
				GCC_WARN_UNINITIALIZED_AUTOS = YES_AGGRESSIVE;
				GCC_WARN_UNUSED_FUNCTION = YES;
				GCC_WARN_UNUSED_VARIABLE = YES;
				IPHONEOS_DEPLOYMENT_TARGET = 17.0;
				LOCALIZATION_PREFERS_STRING_CATALOGS = YES;
				MTL_ENABLE_DEBUG_INFO = INCLUDE_SOURCE;
				MTL_FAST_MATH = YES;
				ONLY_ACTIVE_ARCH = YES;
				SDKROOT = iphoneos;
				SWIFT_ACTIVE_COMPILATION_CONDITIONS = "DEBUG $(inherited)";
				SWIFT_OPTIMIZATION_LEVEL = "-Onone";
			};
			name = Debug;
		};
		D307B1CF2B6E3DDB00E69F4F /* Release */ = {
			isa = XCBuildConfiguration;
			buildSettings = {
				ALWAYS_SEARCH_USER_PATHS = NO;
				ASSETCATALOG_COMPILER_GENERATE_SWIFT_ASSET_SYMBOL_EXTENSIONS = YES;
				CLANG_ANALYZER_NONNULL = YES;
				CLANG_ANALYZER_NUMBER_OBJECT_CONVERSION = YES_AGGRESSIVE;
				CLANG_CXX_LANGUAGE_STANDARD = "gnu++20";
				CLANG_ENABLE_MODULES = YES;
				CLANG_ENABLE_OBJC_ARC = YES;
				CLANG_ENABLE_OBJC_WEAK = YES;
				CLANG_WARN_BLOCK_CAPTURE_AUTORELEASING = YES;
				CLANG_WARN_BOOL_CONVERSION = YES;
				CLANG_WARN_COMMA = YES;
				CLANG_WARN_CONSTANT_CONVERSION = YES;
				CLANG_WARN_DEPRECATED_OBJC_IMPLEMENTATIONS = YES;
				CLANG_WARN_DIRECT_OBJC_ISA_USAGE = YES_ERROR;
				CLANG_WARN_DOCUMENTATION_COMMENTS = YES;
				CLANG_WARN_EMPTY_BODY = YES;
				CLANG_WARN_ENUM_CONVERSION = YES;
				CLANG_WARN_INFINITE_RECURSION = YES;
				CLANG_WARN_INT_CONVERSION = YES;
				CLANG_WARN_NON_LITERAL_NULL_CONVERSION = YES;
				CLANG_WARN_OBJC_IMPLICIT_RETAIN_SELF = YES;
				CLANG_WARN_OBJC_LITERAL_CONVERSION = YES;
				CLANG_WARN_OBJC_ROOT_CLASS = YES_ERROR;
				CLANG_WARN_QUOTED_INCLUDE_IN_FRAMEWORK_HEADER = YES;
				CLANG_WARN_RANGE_LOOP_ANALYSIS = YES;
				CLANG_WARN_STRICT_PROTOTYPES = YES;
				CLANG_WARN_SUSPICIOUS_MOVE = YES;
				CLANG_WARN_UNGUARDED_AVAILABILITY = YES_AGGRESSIVE;
				CLANG_WARN_UNREACHABLE_CODE = YES;
				CLANG_WARN__DUPLICATE_METHOD_MATCH = YES;
				COPY_PHASE_STRIP = NO;
				DEBUG_INFORMATION_FORMAT = "dwarf-with-dsym";
				ENABLE_NS_ASSERTIONS = NO;
				ENABLE_STRICT_OBJC_MSGSEND = YES;
				ENABLE_USER_SCRIPT_SANDBOXING = YES;
				GCC_C_LANGUAGE_STANDARD = gnu17;
				GCC_NO_COMMON_BLOCKS = YES;
				GCC_WARN_64_TO_32_BIT_CONVERSION = YES;
				GCC_WARN_ABOUT_RETURN_TYPE = YES_ERROR;
				GCC_WARN_UNDECLARED_SELECTOR = YES;
				GCC_WARN_UNINITIALIZED_AUTOS = YES_AGGRESSIVE;
				GCC_WARN_UNUSED_FUNCTION = YES;
				GCC_WARN_UNUSED_VARIABLE = YES;
				IPHONEOS_DEPLOYMENT_TARGET = 17.0;
				LOCALIZATION_PREFERS_STRING_CATALOGS = YES;
				MTL_ENABLE_DEBUG_INFO = NO;
				MTL_FAST_MATH = YES;
				SDKROOT = iphoneos;
				SWIFT_COMPILATION_MODE = wholemodule;
				VALIDATE_PRODUCT = YES;
			};
			name = Release;
		};
		D307B1D12B6E3DDB00E69F4F /* Debug */ = {
			isa = XCBuildConfiguration;
			buildSettings = {
				ASSETCATALOG_COMPILER_APPICON_NAME = AppIcon;
				ASSETCATALOG_COMPILER_GLOBAL_ACCENT_COLOR_NAME = AccentColor;
				CODE_SIGN_STYLE = Automatic;
				CURRENT_PROJECT_VERSION = 1;
				DEVELOPMENT_ASSET_PATHS = "\"H4CK3Rapp/Preview Content\"";
				DEVELOPMENT_TEAM = Q7MXD9RHSA;
				ENABLE_PREVIEWS = YES;
				GENERATE_INFOPLIST_FILE = YES;
				INFOPLIST_KEY_UIApplicationSceneManifest_Generation = YES;
				INFOPLIST_KEY_UIApplicationSupportsIndirectInputEvents = YES;
				INFOPLIST_KEY_UILaunchScreen_Generation = YES;
				INFOPLIST_KEY_UISupportedInterfaceOrientations_iPad = "UIInterfaceOrientationPortrait UIInterfaceOrientationPortraitUpsideDown UIInterfaceOrientationLandscapeLeft UIInterfaceOrientationLandscapeRight";
				INFOPLIST_KEY_UISupportedInterfaceOrientations_iPhone = "UIInterfaceOrientationPortrait UIInterfaceOrientationLandscapeLeft UIInterfaceOrientationLandscapeRight";
				LD_RUNPATH_SEARCH_PATHS = (
					"$(inherited)",
					"@executable_path/Frameworks",
				);
				MARKETING_VERSION = 1.0;
				PRODUCT_BUNDLE_IDENTIFIER = fuatbolat.H4CK3Rapp;
				PRODUCT_NAME = "$(TARGET_NAME)";
				SWIFT_EMIT_LOC_STRINGS = YES;
				SWIFT_VERSION = 5.0;
				TARGETED_DEVICE_FAMILY = "1,2";
			};
			name = Debug;
		};
		D307B1D22B6E3DDB00E69F4F /* Release */ = {
			isa = XCBuildConfiguration;
			buildSettings = {
				ASSETCATALOG_COMPILER_APPICON_NAME = AppIcon;
				ASSETCATALOG_COMPILER_GLOBAL_ACCENT_COLOR_NAME = AccentColor;
				CODE_SIGN_STYLE = Automatic;
				CURRENT_PROJECT_VERSION = 1;
				DEVELOPMENT_ASSET_PATHS = "\"H4CK3Rapp/Preview Content\"";
				DEVELOPMENT_TEAM = Q7MXD9RHSA;
				ENABLE_PREVIEWS = YES;
				GENERATE_INFOPLIST_FILE = YES;
				INFOPLIST_KEY_UIApplicationSceneManifest_Generation = YES;
				INFOPLIST_KEY_UIApplicationSupportsIndirectInputEvents = YES;
				INFOPLIST_KEY_UILaunchScreen_Generation = YES;
				INFOPLIST_KEY_UISupportedInterfaceOrientations_iPad = "UIInterfaceOrientationPortrait UIInterfaceOrientationPortraitUpsideDown UIInterfaceOrientationLandscapeLeft UIInterfaceOrientationLandscapeRight";
				INFOPLIST_KEY_UISupportedInterfaceOrientations_iPhone = "UIInterfaceOrientationPortrait UIInterfaceOrientationLandscapeLeft UIInterfaceOrientationLandscapeRight";
				LD_RUNPATH_SEARCH_PATHS = (
					"$(inherited)",
					"@executable_path/Frameworks",
				);
				MARKETING_VERSION = 1.0;
				PRODUCT_BUNDLE_IDENTIFIER = fuatbolat.H4CK3Rapp;
				PRODUCT_NAME = "$(TARGET_NAME)";
				SWIFT_EMIT_LOC_STRINGS = YES;
				SWIFT_VERSION = 5.0;
				TARGETED_DEVICE_FAMILY = "1,2";
			};
			name = Release;
		};
/* End XCBuildConfiguration section */

/* Begin XCConfigurationList section */
		D307B1BD2B6E3DD900E69F4F /* Build configuration list for PBXProject "H4CK3Rapp" */ = {
			isa = XCConfigurationList;
			buildConfigurations = (
				D307B1CE2B6E3DDB00E69F4F /* Debug */,
				D307B1CF2B6E3DDB00E69F4F /* Release */,
			);
			defaultConfigurationIsVisible = 0;
			defaultConfigurationName = Release;
		};
		D307B1D02B6E3DDB00E69F4F /* Build configuration list for PBXNativeTarget "H4CK3Rapp" */ = {
			isa = XCConfigurationList;
			buildConfigurations = (
				D307B1D12B6E3DDB00E69F4F /* Debug */,
				D307B1D22B6E3DDB00E69F4F /* Release */,
			);
			defaultConfigurationIsVisible = 0;
			defaultConfigurationName = Release;
		};
/* End XCConfigurationList section */
	};
	rootObject = D307B1BA2B6E3DD900E69F4F /* Project object */;
}
